<Solution>
  <Project Path="apps/api/src/StarBlog.Api/StarBlog.Api.csproj" />
  <Project Path="apps/api/tests/StarBlog.Api.Tests/StarBlog.Api.Tests.csproj" />
  <Project Path="tests/StarBlog.E2ETests/StarBlog.E2ETests.csproj" />
  <Project Path="tools/BlogImageOptimizer/BlogImageOptimizer.csproj" />
  <Project Path="tools/StarBlogBackup/StarBlog.BackupTool.csproj" />
</Solution>
