
Microsoft Visual Studio Solution File, Format Version 12.00
# Visual Studio Version 17
VisualStudioVersion = 17.0.31903.59
MinimumVisualStudioVersion = 10.0.40219.1
Project("{2150E333-8FDC-42A3-9474-1A3956D46DE8}") = "demo", "demo", "{A39C23D2-F2C0-258D-165A-CF1E7FEE6E7B}"
EndProject
Project("{FAE04EC0-301F-11D3-BF4B-00C04F79EFBC}") = "FileParseTest", "demo\FileParseTest\FileParseTest.csproj", "{E11BE669-2DAE-43B5-9049-8BED7B8D0E6F}"
EndProject
Project("{FAE04EC0-301F-11D3-BF4B-00C04F79EFBC}") = "MarkdownParseTest", "demo\MarkdownParseTest\MarkdownParseTest.csproj", "{BB4E1F19-AA31-47FC-9CB6-43B829835DB3}"
EndProject
Project("{FAE04EC0-301F-11D3-BF4B-00C04F79EFBC}") = "RegTest", "demo\RegTest\RegTest.csproj", "{B63C4A42-785A-4C71-93B2-07036D819FC3}"
EndProject
Project("{FAE04EC0-301F-11D3-BF4B-00C04F79EFBC}") = "ParallelTest", "demo\ParallelTest\ParallelTest.csproj", "{7CDD714E-DDFF-48C6-8CC3-B9BA8AAF1704}"
EndProject
Project("{FAE04EC0-301F-11D3-BF4B-00C04F79EFBC}") = "GenerateRandomCoordinates", "demo\GenerateRandomCoordinates\GenerateRandomCoordinates.csproj", "{1E67EA10-4586-4221-A0E1-9543843B0232}"
EndProject
Project("{2150E333-8FDC-42A3-9474-1A3956D46DE8}") = "tools", "tools", "{85A5F08D-4C95-4339-A1A3-2D00B10C9144}"
EndProject
Project("{FAE04EC0-301F-11D3-BF4B-00C04F79EFBC}") = "BlogImageOptimizer", "tools\BlogImageOptimizer\BlogImageOptimizer.csproj", "{673D0E51-E324-475A-A4FA-3FDE29AD675B}"
EndProject
Project("{FAE04EC0-301F-11D3-BF4B-00C04F79EFBC}") = "DataProc", "tools\DataProc\DataProc.csproj", "{224119E2-35E3-4E01-948F-FCFC6A66209B}"
EndProject
Project("{FAE04EC0-301F-11D3-BF4B-00C04F79EFBC}") = "MarkdownImporter", "tools\MarkdownImporter\MarkdownImporter.csproj", "{877B778A-1D86-4398-AD14-010BC9DC395F}"
EndProject
Project("{FAE04EC0-301F-11D3-BF4B-00C04F79EFBC}") = "StarBlog.BackupTool", "tools\StarBlogBackup\StarBlog.BackupTool.csproj", "{0D8D3CB8-084E-4BA0-886B-F2E9DA368303}"
EndProject
Global
	GlobalSection(SolutionConfigurationPlatforms) = preSolution
		Debug|Any CPU = Debug|Any CPU
		Debug|x64 = Debug|x64
		Debug|x86 = Debug|x86
		Release|Any CPU = Release|Any CPU
		Release|x64 = Release|x64
		Release|x86 = Release|x86
	EndGlobalSection
	GlobalSection(ProjectConfigurationPlatforms) = postSolution
		{E11BE669-2DAE-43B5-9049-8BED7B8D0E6F}.Debug|Any CPU.ActiveCfg = Debug|Any CPU
		{E11BE669-2DAE-43B5-9049-8BED7B8D0E6F}.Debug|Any CPU.Build.0 = Debug|Any CPU
		{E11BE669-2DAE-43B5-9049-8BED7B8D0E6F}.Debug|x64.ActiveCfg = Debug|Any CPU
		{E11BE669-2DAE-43B5-9049-8BED7B8D0E6F}.Debug|x64.Build.0 = Debug|Any CPU
		{E11BE669-2DAE-43B5-9049-8BED7B8D0E6F}.Debug|x86.ActiveCfg = Debug|Any CPU
		{E11BE669-2DAE-43B5-9049-8BED7B8D0E6F}.Debug|x86.Build.0 = Debug|Any CPU
		{E11BE669-2DAE-43B5-9049-8BED7B8D0E6F}.Release|Any CPU.ActiveCfg = Release|Any CPU
		{E11BE669-2DAE-43B5-9049-8BED7B8D0E6F}.Release|Any CPU.Build.0 = Release|Any CPU
		{E11BE669-2DAE-43B5-9049-8BED7B8D0E6F}.Release|x64.ActiveCfg = Release|Any CPU
		{E11BE669-2DAE-43B5-9049-8BED7B8D0E6F}.Release|x64.Build.0 = Release|Any CPU
		{E11BE669-2DAE-43B5-9049-8BED7B8D0E6F}.Release|x86.ActiveCfg = Release|Any CPU
		{E11BE669-2DAE-43B5-9049-8BED7B8D0E6F}.Release|x86.Build.0 = Release|Any CPU
		{BB4E1F19-AA31-47FC-9CB6-43B829835DB3}.Debug|Any CPU.ActiveCfg = Debug|Any CPU
		{BB4E1F19-AA31-47FC-9CB6-43B829835DB3}.Debug|Any CPU.Build.0 = Debug|Any CPU
		{BB4E1F19-AA31-47FC-9CB6-43B829835DB3}.Debug|x64.ActiveCfg = Debug|Any CPU
		{BB4E1F19-AA31-47FC-9CB6-43B829835DB3}.Debug|x64.Build.0 = Debug|Any CPU
		{BB4E1F19-AA31-47FC-9CB6-43B829835DB3}.Debug|x86.ActiveCfg = Debug|Any CPU
		{BB4E1F19-AA31-47FC-9CB6-43B829835DB3}.Debug|x86.Build.0 = Debug|Any CPU
		{BB4E1F19-AA31-47FC-9CB6-43B829835DB3}.Release|Any CPU.ActiveCfg = Release|Any CPU
		{BB4E1F19-AA31-47FC-9CB6-43B829835DB3}.Release|Any CPU.Build.0 = Release|Any CPU
		{BB4E1F19-AA31-47FC-9CB6-43B829835DB3}.Release|x64.ActiveCfg = Release|Any CPU
		{BB4E1F19-AA31-47FC-9CB6-43B829835DB3}.Release|x64.Build.0 = Release|Any CPU
		{BB4E1F19-AA31-47FC-9CB6-43B829835DB3}.Release|x86.ActiveCfg = Release|Any CPU
		{BB4E1F19-AA31-47FC-9CB6-43B829835DB3}.Release|x86.Build.0 = Release|Any CPU
		{B63C4A42-785A-4C71-93B2-07036D819FC3}.Debug|Any CPU.ActiveCfg = Debug|Any CPU
		{B63C4A42-785A-4C71-93B2-07036D819FC3}.Debug|Any CPU.Build.0 = Debug|Any CPU
		{B63C4A42-785A-4C71-93B2-07036D819FC3}.Debug|x64.ActiveCfg = Debug|Any CPU
		{B63C4A42-785A-4C71-93B2-07036D819FC3}.Debug|x64.Build.0 = Debug|Any CPU
		{B63C4A42-785A-4C71-93B2-07036D819FC3}.Debug|x86.ActiveCfg = Debug|Any CPU
		{B63C4A42-785A-4C71-93B2-07036D819FC3}.Debug|x86.Build.0 = Debug|Any CPU
		{B63C4A42-785A-4C71-93B2-07036D819FC3}.Release|Any CPU.ActiveCfg = Release|Any CPU
		{B63C4A42-785A-4C71-93B2-07036D819FC3}.Release|Any CPU.Build.0 = Release|Any CPU
		{B63C4A42-785A-4C71-93B2-07036D819FC3}.Release|x64.ActiveCfg = Release|Any CPU
		{B63C4A42-785A-4C71-93B2-07036D819FC3}.Release|x64.Build.0 = Release|Any CPU
		{B63C4A42-785A-4C71-93B2-07036D819FC3}.Release|x86.ActiveCfg = Release|Any CPU
		{B63C4A42-785A-4C71-93B2-07036D819FC3}.Release|x86.Build.0 = Release|Any CPU
		{7CDD714E-DDFF-48C6-8CC3-B9BA8AAF1704}.Debug|Any CPU.ActiveCfg = Debug|Any CPU
		{7CDD714E-DDFF-48C6-8CC3-B9BA8AAF1704}.Debug|Any CPU.Build.0 = Debug|Any CPU
		{7CDD714E-DDFF-48C6-8CC3-B9BA8AAF1704}.Debug|x64.ActiveCfg = Debug|Any CPU
		{7CDD714E-DDFF-48C6-8CC3-B9BA8AAF1704}.Debug|x64.Build.0 = Debug|Any CPU
		{7CDD714E-DDFF-48C6-8CC3-B9BA8AAF1704}.Debug|x86.ActiveCfg = Debug|Any CPU
		{7CDD714E-DDFF-48C6-8CC3-B9BA8AAF1704}.Debug|x86.Build.0 = Debug|Any CPU
		{7CDD714E-DDFF-48C6-8CC3-B9BA8AAF1704}.Release|Any CPU.ActiveCfg = Release|Any CPU
		{7CDD714E-DDFF-48C6-8CC3-B9BA8AAF1704}.Release|Any CPU.Build.0 = Release|Any CPU
		{7CDD714E-DDFF-48C6-8CC3-B9BA8AAF1704}.Release|x64.ActiveCfg = Release|Any CPU
		{7CDD714E-DDFF-48C6-8CC3-B9BA8AAF1704}.Release|x64.Build.0 = Release|Any CPU
		{7CDD714E-DDFF-48C6-8CC3-B9BA8AAF1704}.Release|x86.ActiveCfg = Release|Any CPU
		{7CDD714E-DDFF-48C6-8CC3-B9BA8AAF1704}.Release|x86.Build.0 = Release|Any CPU
		{1E67EA10-4586-4221-A0E1-9543843B0232}.Debug|Any CPU.ActiveCfg = Debug|Any CPU
		{1E67EA10-4586-4221-A0E1-9543843B0232}.Debug|Any CPU.Build.0 = Debug|Any CPU
		{1E67EA10-4586-4221-A0E1-9543843B0232}.Debug|x64.ActiveCfg = Debug|Any CPU
		{1E67EA10-4586-4221-A0E1-9543843B0232}.Debug|x64.Build.0 = Debug|Any CPU
		{1E67EA10-4586-4221-A0E1-9543843B0232}.Debug|x86.ActiveCfg = Debug|Any CPU
		{1E67EA10-4586-4221-A0E1-9543843B0232}.Debug|x86.Build.0 = Debug|Any CPU
		{1E67EA10-4586-4221-A0E1-9543843B0232}.Release|Any CPU.ActiveCfg = Release|Any CPU
		{1E67EA10-4586-4221-A0E1-9543843B0232}.Release|Any CPU.Build.0 = Release|Any CPU
		{1E67EA10-4586-4221-A0E1-9543843B0232}.Release|x64.ActiveCfg = Release|Any CPU
		{1E67EA10-4586-4221-A0E1-9543843B0232}.Release|x64.Build.0 = Release|Any CPU
		{1E67EA10-4586-4221-A0E1-9543843B0232}.Release|x86.ActiveCfg = Release|Any CPU
		{1E67EA10-4586-4221-A0E1-9543843B0232}.Release|x86.Build.0 = Release|Any CPU
		{673D0E51-E324-475A-A4FA-3FDE29AD675B}.Debug|Any CPU.ActiveCfg = Debug|Any CPU
		{673D0E51-E324-475A-A4FA-3FDE29AD675B}.Debug|Any CPU.Build.0 = Debug|Any CPU
		{673D0E51-E324-475A-A4FA-3FDE29AD675B}.Debug|x64.ActiveCfg = Debug|Any CPU
		{673D0E51-E324-475A-A4FA-3FDE29AD675B}.Debug|x64.Build.0 = Debug|Any CPU
		{673D0E51-E324-475A-A4FA-3FDE29AD675B}.Debug|x86.ActiveCfg = Debug|Any CPU
		{673D0E51-E324-475A-A4FA-3FDE29AD675B}.Debug|x86.Build.0 = Debug|Any CPU
		{673D0E51-E324-475A-A4FA-3FDE29AD675B}.Release|Any CPU.ActiveCfg = Release|Any CPU
		{673D0E51-E324-475A-A4FA-3FDE29AD675B}.Release|Any CPU.Build.0 = Release|Any CPU
		{673D0E51-E324-475A-A4FA-3FDE29AD675B}.Release|x64.ActiveCfg = Release|Any CPU
		{673D0E51-E324-475A-A4FA-3FDE29AD675B}.Release|x64.Build.0 = Release|Any CPU
		{673D0E51-E324-475A-A4FA-3FDE29AD675B}.Release|x86.ActiveCfg = Release|Any CPU
		{673D0E51-E324-475A-A4FA-3FDE29AD675B}.Release|x86.Build.0 = Release|Any CPU
		{224119E2-35E3-4E01-948F-FCFC6A66209B}.Debug|Any CPU.ActiveCfg = Debug|Any CPU
		{224119E2-35E3-4E01-948F-FCFC6A66209B}.Debug|Any CPU.Build.0 = Debug|Any CPU
		{224119E2-35E3-4E01-948F-FCFC6A66209B}.Debug|x64.ActiveCfg = Debug|Any CPU
		{224119E2-35E3-4E01-948F-FCFC6A66209B}.Debug|x64.Build.0 = Debug|Any CPU
		{224119E2-35E3-4E01-948F-FCFC6A66209B}.Debug|x86.ActiveCfg = Debug|Any CPU
		{224119E2-35E3-4E01-948F-FCFC6A66209B}.Debug|x86.Build.0 = Debug|Any CPU
		{224119E2-35E3-4E01-948F-FCFC6A66209B}.Release|Any CPU.ActiveCfg = Release|Any CPU
		{224119E2-35E3-4E01-948F-FCFC6A66209B}.Release|Any CPU.Build.0 = Release|Any CPU
		{224119E2-35E3-4E01-948F-FCFC6A66209B}.Release|x64.ActiveCfg = Release|Any CPU
		{224119E2-35E3-4E01-948F-FCFC6A66209B}.Release|x64.Build.0 = Release|Any CPU
		{224119E2-35E3-4E01-948F-FCFC6A66209B}.Release|x86.ActiveCfg = Release|Any CPU
		{224119E2-35E3-4E01-948F-FCFC6A66209B}.Release|x86.Build.0 = Release|Any CPU
		{877B778A-1D86-4398-AD14-010BC9DC395F}.Debug|Any CPU.ActiveCfg = Debug|Any CPU
		{877B778A-1D86-4398-AD14-010BC9DC395F}.Debug|Any CPU.Build.0 = Debug|Any CPU
		{877B778A-1D86-4398-AD14-010BC9DC395F}.Debug|x64.ActiveCfg = Debug|Any CPU
		{877B778A-1D86-4398-AD14-010BC9DC395F}.Debug|x64.Build.0 = Debug|Any CPU
		{877B778A-1D86-4398-AD14-010BC9DC395F}.Debug|x86.ActiveCfg = Debug|Any CPU
		{877B778A-1D86-4398-AD14-010BC9DC395F}.Debug|x86.Build.0 = Debug|Any CPU
		{877B778A-1D86-4398-AD14-010BC9DC395F}.Release|Any CPU.ActiveCfg = Release|Any CPU
		{877B778A-1D86-4398-AD14-010BC9DC395F}.Release|Any CPU.Build.0 = Release|Any CPU
		{877B778A-1D86-4398-AD14-010BC9DC395F}.Release|x64.ActiveCfg = Release|Any CPU
		{877B778A-1D86-4398-AD14-010BC9DC395F}.Release|x64.Build.0 = Release|Any CPU
		{877B778A-1D86-4398-AD14-010BC9DC395F}.Release|x86.ActiveCfg = Release|Any CPU
		{877B778A-1D86-4398-AD14-010BC9DC395F}.Release|x86.Build.0 = Release|Any CPU
		{0D8D3CB8-084E-4BA0-886B-F2E9DA368303}.Debug|Any CPU.ActiveCfg = Debug|Any CPU
		{0D8D3CB8-084E-4BA0-886B-F2E9DA368303}.Debug|Any CPU.Build.0 = Debug|Any CPU
		{0D8D3CB8-084E-4BA0-886B-F2E9DA368303}.Debug|x64.ActiveCfg = Debug|Any CPU
		{0D8D3CB8-084E-4BA0-886B-F2E9DA368303}.Debug|x64.Build.0 = Debug|Any CPU
		{0D8D3CB8-084E-4BA0-886B-F2E9DA368303}.Debug|x86.ActiveCfg = Debug|Any CPU
		{0D8D3CB8-084E-4BA0-886B-F2E9DA368303}.Debug|x86.Build.0 = Debug|Any CPU
		{0D8D3CB8-084E-4BA0-886B-F2E9DA368303}.Release|Any CPU.ActiveCfg = Release|Any CPU
		{0D8D3CB8-084E-4BA0-886B-F2E9DA368303}.Release|Any CPU.Build.0 = Release|Any CPU
		{0D8D3CB8-084E-4BA0-886B-F2E9DA368303}.Release|x64.ActiveCfg = Release|Any CPU
		{0D8D3CB8-084E-4BA0-886B-F2E9DA368303}.Release|x64.Build.0 = Release|Any CPU
		{0D8D3CB8-084E-4BA0-886B-F2E9DA368303}.Release|x86.ActiveCfg = Release|Any CPU
		{0D8D3CB8-084E-4BA0-886B-F2E9DA368303}.Release|x86.Build.0 = Release|Any CPU
	EndGlobalSection
	GlobalSection(SolutionProperties) = preSolution
		HideSolutionNode = FALSE
	EndGlobalSection
	GlobalSection(NestedProjects) = preSolution
		{E11BE669-2DAE-43B5-9049-8BED7B8D0E6F} = {A39C23D2-F2C0-258D-165A-CF1E7FEE6E7B}
		{BB4E1F19-AA31-47FC-9CB6-43B829835DB3} = {A39C23D2-F2C0-258D-165A-CF1E7FEE6E7B}
		{B63C4A42-785A-4C71-93B2-07036D819FC3} = {A39C23D2-F2C0-258D-165A-CF1E7FEE6E7B}
		{7CDD714E-DDFF-48C6-8CC3-B9BA8AAF1704} = {A39C23D2-F2C0-258D-165A-CF1E7FEE6E7B}
		{1E67EA10-4586-4221-A0E1-9543843B0232} = {A39C23D2-F2C0-258D-165A-CF1E7FEE6E7B}
		{673D0E51-E324-475A-A4FA-3FDE29AD675B} = {85A5F08D-4C95-4339-A1A3-2D00B10C9144}
		{224119E2-35E3-4E01-948F-FCFC6A66209B} = {85A5F08D-4C95-4339-A1A3-2D00B10C9144}
		{877B778A-1D86-4398-AD14-010BC9DC395F} = {85A5F08D-4C95-4339-A1A3-2D00B10C9144}
		{0D8D3CB8-084E-4BA0-886B-F2E9DA368303} = {85A5F08D-4C95-4339-A1A3-2D00B10C9144}
	EndGlobalSection
EndGlobal
